
Microsoft Visual Studio Solution File, Format Version 12.00
# Visual Studio Version 16
VisualStudioVersion = 25.0.1703.0
MinimumVisualStudioVersion = 10.0.40219.1
Project("{FAE04EC0-301F-11D3-BF4B-00C04F79EFBC}") = "Week03", "Week03\Week03.csproj", "{11D05F54-541F-4122-83E1-61E50A9F162A}"
EndProject
Global
	GlobalSection(SolutionConfigurationPlatforms) = preSolution
		Debug|Any CPU = Debug|Any CPU
		Release|Any CPU = Release|Any CPU
	EndGlobalSection
	GlobalSection(ProjectConfigurationPlatforms) = postSolution
		{11D05F54-541F-4122-83E1-61E50A9F162A}.Debug|Any CPU.ActiveCfg = Debug|Any CPU
		{11D05F54-541F-4122-83E1-61E50A9F162A}.Debug|Any CPU.Build.0 = Debug|Any CPU
		{11D05F54-541F-4122-83E1-61E50A9F162A}.Release|Any CPU.ActiveCfg = Release|Any CPU
		{11D05F54-541F-4122-83E1-61E50A9F162A}.Release|Any CPU.Build.0 = Release|Any CPU
	EndGlobalSection
	GlobalSection(SolutionProperties) = preSolution
		HideSolutionNode = FALSE
	EndGlobalSection
	GlobalSection(ExtensibilityGlobals) = postSolution
		SolutionGuid = {07E0AB70-EF52-4748-B604-943A0D71CDE3}
	EndGlobalSection
EndGlobal
